github.com/netbirdio/management-refactor v0.0.0-20250606144239-1b39d4cebbd7 h1:2T+6WUVY7kyqw4U6MSdgni1Fy/2SEM2SnM8HR0ik/cI=
github.com/netbirdio/management-refactor v0.0.0-20250606144239-1b39d4cebbd7/go.mod h1:g4XjiGGNvkYX416VJJLHmGASiA9VZfLoMhWjGghj8T0=
github.com/netbirdio/management-refactor v0.0.0-20250606144718-59de900f252e h1:dFYfvaYcdQztY8VZczD3K7TBdzC8QGmloo1BygLnocQ=
github.com/netbirdio/management-refactor v0.0.0-20250606144718-59de900f252e/go.mod h1:g4XjiGGNvkYX416VJJLHmGASiA9VZfLoMhWjGghj8T0=
github.com/netbirdio/management-refactor v0.0.0-20250606145202-70e4661f8454 h1:NP9wvaWz04/Ov3YY4dJKS9hZB0rKtwoM4NqpaHsaDFE=
github.com/netbirdio/management-refactor v0.0.0-20250606145202-70e4661f8454/go.mod h1:g4XjiGGNvkYX416VJJLHmGASiA9VZfLoMhWjGghj8T0=
github.com/netbirdio/management-refactor v0.0.0-20250606145359-2cbf5daaa2be h1:KNx8HonCkq6STKxK/b3XR90vtKAxRmsIs3ChMVzxLW0=
github.com/netbirdio/management-refactor v0.0.0-20250606145359-2cbf5daaa2be/go.mod h1:g4XjiGGNvkYX416VJJLHmGASiA9VZfLoMhWjGghj8T0=
